// !$*UTF8*$!
{
	archiveVersion = 1;
	classes = {
	};
	objectVersion = 46;
	objects = {

/* Begin PBXBuildFile section */
		F9AAF0FC18E2D0AB00DBD9FF /* Foundation.framework in Frameworks */ = {isa = PBXBuildFile; fileRef = F9AAF0FB18E2D0AB00DBD9FF /* Foundation.framework */; };
		F9AAF0FE18E2D0AB00DBD9FF /* CoreGraphics.framework in Frameworks */ = {isa = PBXBuildFile; fileRef = F9AAF0FD18E2D0AB00DBD9FF /* CoreGraphics.framework */; };
		F9AAF10018E2D0AB00DBD9FF /* UIKit.framework in Frameworks */ = {isa = PBXBuildFile; fileRef = F9AAF0FF18E2D0AB00DBD9FF /* UIKit.framework */; };
		F9AAF10818E2D0AB00DBD9FF /* main.m in Sources */ = {isa = PBXBuildFile; fileRef = F9AAF10718E2D0AB00DBD9FF /* main.m */; };
		F9AAF10F18E2D0AB00DBD9FF /* Main.storyboard in Resources */ = {isa = PBXBuildFile; fileRef = F9AAF10D18E2D0AB00DBD9FF /* Main.storyboard */; };
		F9AAF11418E2D0AB00DBD9FF /* Images.xcassets in Resources */ = {isa = PBXBuildFile; fileRef = F9AAF11318E2D0AB00DBD9FF /* Images.xcassets */; };
		F9AAF11B18E2D0AB00DBD9FF /* XCTest.framework in Frameworks */ = {isa = PBXBuildFile; fileRef = F9AAF11A18E2D0AB00DBD9FF /* XCTest.framework */; };
		F9AAF11C18E2D0AB00DBD9FF /* Foundation.framework in Frameworks */ = {isa = PBXBuildFile; fileRef = F9AAF0FB18E2D0AB00DBD9FF /* Foundation.framework */; };
		F9AAF11D18E2D0AB00DBD9FF /* UIKit.framework in Frameworks */ = {isa = PBXBuildFile; fileRef = F9AAF0FF18E2D0AB00DBD9FF /* UIKit.framework */; };
		F9AAF12518E2D0AB00DBD9FF /* InfoPlist.strings in Resources */ = {isa = PBXBuildFile; fileRef = F9AAF12318E2D0AB00DBD9FF /* InfoPlist.strings */; };
		F9AAF12718E2D0AB00DBD9FF /* HSPuzzleTests.m in Sources */ = {isa = PBXBuildFile; fileRef = F9AAF12618E2D0AB00DBD9FF /* HSPuzzleTests.m */; };
		F9AAF13A18E2D28000DBD9FF /* HSAppDelegate.m in Sources */ = {isa = PBXBuildFile; fileRef = F9AAF13418E2D28000DBD9FF /* HSAppDelegate.m */; };
		F9AAF16818E385E300DBD9FF /* bg_arena_03.jpg in Resources */ = {isa = PBXBuildFile; fileRef = F9AAF14118E385E300DBD9FF /* bg_arena_03.jpg */; };
		F9AAF16918E385E300DBD9FF /* hero_avatar_druid.png in Resources */ = {isa = PBXBuildFile; fileRef = F9AAF14418E385E300DBD9FF /* hero_avatar_druid.png */; };
		F9AAF16A18E385E300DBD9FF /* hero_avatar_hunter.png in Resources */ = {isa = PBXBuildFile; fileRef = F9AAF14518E385E300DBD9FF /* hero_avatar_hunter.png */; };
		F9AAF16B18E385E300DBD9FF /* hero_avatar_mage.png in Resources */ = {isa = PBXBuildFile; fileRef = F9AAF14618E385E300DBD9FF /* hero_avatar_mage.png */; };
		F9AAF16C18E385E300DBD9FF /* hero_avatar_priest.png in Resources */ = {isa = PBXBuildFile; fileRef = F9AAF14718E385E300DBD9FF /* hero_avatar_priest.png */; };
		F9AAF16D18E385E300DBD9FF /* hero_power_druid.png in Resources */ = {isa = PBXBuildFile; fileRef = F9AAF14918E385E300DBD9FF /* hero_power_druid.png */; };
		F9AAF16E18E385E300DBD9FF /* hero_power_hunter.png in Resources */ = {isa = PBXBuildFile; fileRef = F9AAF14A18E385E300DBD9FF /* hero_power_hunter.png */; };
		F9AAF16F18E385E300DBD9FF /* hero_power_mage.png in Resources */ = {isa = PBXBuildFile; fileRef = F9AAF14B18E385E300DBD9FF /* hero_power_mage.png */; };
		F9AAF17018E385E300DBD9FF /* hero_power_priest.png in Resources */ = {isa = PBXBuildFile; fileRef = F9AAF14C18E385E300DBD9FF /* hero_power_priest.png */; };
		F9AAF17118E385E300DBD9FF /* AcidicSwampOoze.png in Resources */ = {isa = PBXBuildFile; fileRef = F9AAF15118E385E300DBD9FF /* AcidicSwampOoze.png */; };
		F9AAF17218E385E300DBD9FF /* AmaniBerserker.png in Resources */ = {isa = PBXBuildFile; fileRef = F9AAF15218E385E300DBD9FF /* AmaniBerserker.png */; };
		F9AAF17318E385E300DBD9FF /* DarkIronDwarf.png in Resources */ = {isa = PBXBuildFile; fileRef = F9AAF15518E385E300DBD9FF /* DarkIronDwarf.png */; };
		F9AAF17418E385E300DBD9FF /* MogushanWarden.png in Resources */ = {isa = PBXBuildFile; fileRef = F9AAF15618E385E300DBD9FF /* MogushanWarden.png */; };
		F9AAF17518E385E300DBD9FF /* Abomination.png in Resources */ = {isa = PBXBuildFile; fileRef = F9AAF15818E385E300DBD9FF /* Abomination.png */; };
		F9AAF17618E385E300DBD9FF /* FacelessManipulator.png in Resources */ = {isa = PBXBuildFile; fileRef = F9AAF15918E385E300DBD9FF /* FacelessManipulator.png */; };
		F9AAF17718E385E300DBD9FF /* VentureCoMercenary.png in Resources */ = {isa = PBXBuildFile; fileRef = F9AAF15A18E385E300DBD9FF /* VentureCoMercenary.png */; };
		F9AAF17818E385E300DBD9FF /* ArgentCommander.png in Resources */ = {isa = PBXBuildFile; fileRef = F9AAF15C18E385E300DBD9FF /* ArgentCommander.png */; };
		F9AAF17918E385E300DBD9FF /* RagnarosTheFirelord.png in Resources */ = {isa = PBXBuildFile; fileRef = F9AAF15E18E385E300DBD9FF /* RagnarosTheFirelord.png */; };
		F9AAF17A18E385E300DBD9FF /* WarGolem.png in Resources */ = {isa = PBXBuildFile; fileRef = F9AAF15F18E385E300DBD9FF /* WarGolem.png */; };
		F9AAF17B18E385E300DBD9FF /* ArcaniteReaper.png in Resources */ = {isa = PBXBuildFile; fileRef = F9AAF16118E385E300DBD9FF /* ArcaniteReaper.png */; };
		F9AAF17C18E385E300DBD9FF /* EaglehornBow.png in Resources */ = {isa = PBXBuildFile; fileRef = F9AAF16218E385E300DBD9FF /* EaglehornBow.png */; };
		F9AAF17D18E385E300DBD9FF /* weapon_attack.png in Resources */ = {isa = PBXBuildFile; fileRef = F9AAF16318E385E300DBD9FF /* weapon_attack.png */; };
		F9AAF17E18E385E300DBD9FF /* weapon_cardframe.png in Resources */ = {isa = PBXBuildFile; fileRef = F9AAF16418E385E300DBD9FF /* weapon_cardframe.png */; };
		F9AAF17F18E385E300DBD9FF /* weapon_durability.png in Resources */ = {isa = PBXBuildFile; fileRef = F9AAF16518E385E300DBD9FF /* weapon_durability.png */; };
		F9AAF18018E385E300DBD9FF /* weapon_frame.png in Resources */ = {isa = PBXBuildFile; fileRef = F9AAF16618E385E300DBD9FF /* weapon_frame.png */; };
		F9AAF18118E385E300DBD9FF /* weapon_none.png in Resources */ = {isa = PBXBuildFile; fileRef = F9AAF16718E385E300DBD9FF /* weapon_none.png */; };
		F9AAF19418E42C6000DBD9FF /* HSPuzzleBuilderMenuViewController.m in Sources */ = {isa = PBXBuildFile; fileRef = F9AAF18F18E42C6000DBD9FF /* HSPuzzleBuilderMenuViewController.m */; };
		F9AAF19518E42C6000DBD9FF /* HSPuzzleBuilderMenuViewController.xib in Resources */ = {isa = PBXBuildFile; fileRef = F9AAF19018E42C6000DBD9FF /* HSPuzzleBuilderMenuViewController.xib */; };
		F9AAF19618E42C6000DBD9FF /* HSPuzzleBuilderViewController.m in Sources */ = {isa = PBXBuildFile; fileRef = F9AAF19218E42C6000DBD9FF /* HSPuzzleBuilderViewController.m */; };
		F9AAF19A18E42CBD00DBD9FF /* HSHomeViewController.m in Sources */ = {isa = PBXBuildFile; fileRef = F9AAF19918E42CBD00DBD9FF /* HSHomeViewController.m */; };
		F9AAF1A318E4520500DBD9FF /* iCarousel.m in Sources */ = {isa = PBXBuildFile; fileRef = F9AAF1A218E4520500DBD9FF /* iCarousel.m */; };
		F9AAF1A818E452B700DBD9FF /* HSHeroEditViewController.m in Sources */ = {isa = PBXBuildFile; fileRef = F9AAF1A618E452B700DBD9FF /* HSHeroEditViewController.m */; };
		F9AAF1A918E452B700DBD9FF /* HSHeroEditViewController.xib in Resources */ = {isa = PBXBuildFile; fileRef = F9AAF1A718E452B700DBD9FF /* HSHeroEditViewController.xib */; };
		F9AAF1AC18E4576C00DBD9FF /* HSDataCenter.m in Sources */ = {isa = PBXBuildFile; fileRef = F9AAF1AB18E4576C00DBD9FF /* HSDataCenter.m */; };
		F9AAF1B018E4590F00DBD9FF /* HSModel.xcdatamodeld in Sources */ = {isa = PBXBuildFile; fileRef = F9AAF1AE18E4590F00DBD9FF /* HSModel.xcdatamodeld */; };
		F9AAF1C718E463AE00DBD9FF /* HSScene.m in Sources */ = {isa = PBXBuildFile; fileRef = F9AAF1C618E463AE00DBD9FF /* HSScene.m */; };
		F9AAF1CA18E463AE00DBD9FF /* HSHero.m in Sources */ = {isa = PBXBuildFile; fileRef = F9AAF1C918E463AE00DBD9FF /* HSHero.m */; };
		F9AAF1CD18E463AE00DBD9FF /* HSCard.m in Sources */ = {isa = PBXBuildFile; fileRef = F9AAF1CC18E463AE00DBD9FF /* HSCard.m */; };
		F9AAF1D018E463F200DBD9FF /* HSSpell.m in Sources */ = {isa = PBXBuildFile; fileRef = F9AAF1CF18E463F200DBD9FF /* HSSpell.m */; };
		F9AAF1D318E463F200DBD9FF /* HSMinion.m in Sources */ = {isa = PBXBuildFile; fileRef = F9AAF1D218E463F200DBD9FF /* HSMinion.m */; };
		F9AAF1D518E4667F00DBD9FF /* CoreData.framework in Frameworks */ = {isa = PBXBuildFile; fileRef = F9AAF1D418E4667F00DBD9FF /* CoreData.framework */; };
/* End PBXBuildFile section */

/* Begin PBXContainerItemProxy section */
		F9AAF11E18E2D0AB00DBD9FF /* PBXContainerItemProxy */ = {
			isa = PBXContainerItemProxy;
			containerPortal = F9AAF0F018E2D0AB00DBD9FF /* Project object */;
			proxyType = 1;
			remoteGlobalIDString = F9AAF0F718E2D0AB00DBD9FF;
			remoteInfo = HSPuzzle;
		};
/* End PBXContainerItemProxy section */

/* Begin PBXFileReference section */
		F9AAF0F818E2D0AB00DBD9FF /* HSPuzzle.app */ = {isa = PBXFileReference; explicitFileType = wrapper.application; includeInIndex = 0; path = HSPuzzle.app; sourceTree = BUILT_PRODUCTS_DIR; };
		F9AAF0FB18E2D0AB00DBD9FF /* Foundation.framework */ = {isa = PBXFileReference; lastKnownFileType = wrapper.framework; name = Foundation.framework; path = System/Library/Frameworks/Foundation.framework; sourceTree = SDKROOT; };
		F9AAF0FD18E2D0AB00DBD9FF /* CoreGraphics.framework */ = {isa = PBXFileReference; lastKnownFileType = wrapper.framework; name = CoreGraphics.framework; path = System/Library/Frameworks/CoreGraphics.framework; sourceTree = SDKROOT; };
		F9AAF0FF18E2D0AB00DBD9FF /* UIKit.framework */ = {isa = PBXFileReference; lastKnownFileType = wrapper.framework; name = UIKit.framework; path = System/Library/Frameworks/UIKit.framework; sourceTree = SDKROOT; };
		F9AAF10318E2D0AB00DBD9FF /* HSPuzzle-Info.plist */ = {isa = PBXFileReference; lastKnownFileType = text.plist.xml; path = "HSPuzzle-Info.plist"; sourceTree = "<group>"; };
		F9AAF10718E2D0AB00DBD9FF /* main.m */ = {isa = PBXFileReference; lastKnownFileType = sourcecode.c.objc; path = main.m; sourceTree = "<group>"; };
		F9AAF10918E2D0AB00DBD9FF /* HSPuzzle-Prefix.pch */ = {isa = PBXFileReference; lastKnownFileType = sourcecode.c.h; path = "HSPuzzle-Prefix.pch"; sourceTree = "<group>"; };
		F9AAF10E18E2D0AB00DBD9FF /* Base */ = {isa = PBXFileReference; lastKnownFileType = file.storyboard; name = Base; path = Base.lproj/Main.storyboard; sourceTree = "<group>"; };
		F9AAF11318E2D0AB00DBD9FF /* Images.xcassets */ = {isa = PBXFileReference; lastKnownFileType = folder.assetcatalog; path = Images.xcassets; sourceTree = "<group>"; };
		F9AAF11918E2D0AB00DBD9FF /* HSPuzzleTests.xctest */ = {isa = PBXFileReference; explicitFileType = wrapper.cfbundle; includeInIndex = 0; path = HSPuzzleTests.xctest; sourceTree = BUILT_PRODUCTS_DIR; };
		F9AAF11A18E2D0AB00DBD9FF /* XCTest.framework */ = {isa = PBXFileReference; lastKnownFileType = wrapper.framework; name = XCTest.framework; path = Library/Frameworks/XCTest.framework; sourceTree = DEVELOPER_DIR; };
		F9AAF12218E2D0AB00DBD9FF /* HSPuzzleTests-Info.plist */ = {isa = PBXFileReference; lastKnownFileType = text.plist.xml; path = "HSPuzzleTests-Info.plist"; sourceTree = "<group>"; };
		F9AAF12418E2D0AB00DBD9FF /* en */ = {isa = PBXFileReference; lastKnownFileType = text.plist.strings; name = en; path = en.lproj/InfoPlist.strings; sourceTree = "<group>"; };
		F9AAF12618E2D0AB00DBD9FF /* HSPuzzleTests.m */ = {isa = PBXFileReference; lastKnownFileType = sourcecode.c.objc; path = HSPuzzleTests.m; sourceTree = "<group>"; };
		F9AAF13318E2D28000DBD9FF /* HSAppDelegate.h */ = {isa = PBXFileReference; fileEncoding = 4; lastKnownFileType = sourcecode.c.h; path = HSAppDelegate.h; sourceTree = "<group>"; };
		F9AAF13418E2D28000DBD9FF /* HSAppDelegate.m */ = {isa = PBXFileReference; fileEncoding = 4; lastKnownFileType = sourcecode.c.objc; path = HSAppDelegate.m; sourceTree = "<group>"; };
		F9AAF14118E385E300DBD9FF /* bg_arena_03.jpg */ = {isa = PBXFileReference; lastKnownFileType = image.jpeg; path = bg_arena_03.jpg; sourceTree = "<group>"; };
		F9AAF14418E385E300DBD9FF /* hero_avatar_druid.png */ = {isa = PBXFileReference; lastKnownFileType = image.png; path = hero_avatar_druid.png; sourceTree = "<group>"; };
		F9AAF14518E385E300DBD9FF /* hero_avatar_hunter.png */ = {isa = PBXFileReference; lastKnownFileType = image.png; path = hero_avatar_hunter.png; sourceTree = "<group>"; };
		F9AAF14618E385E300DBD9FF /* hero_avatar_mage.png */ = {isa = PBXFileReference; lastKnownFileType = image.png; path = hero_avatar_mage.png; sourceTree = "<group>"; };
		F9AAF14718E385E300DBD9FF /* hero_avatar_priest.png */ = {isa = PBXFileReference; lastKnownFileType = image.png; path = hero_avatar_priest.png; sourceTree = "<group>"; };
		F9AAF14918E385E300DBD9FF /* hero_power_druid.png */ = {isa = PBXFileReference; lastKnownFileType = image.png; path = hero_power_druid.png; sourceTree = "<group>"; };
		F9AAF14A18E385E300DBD9FF /* hero_power_hunter.png */ = {isa = PBXFileReference; lastKnownFileType = image.png; path = hero_power_hunter.png; sourceTree = "<group>"; };
		F9AAF14B18E385E300DBD9FF /* hero_power_mage.png */ = {isa = PBXFileReference; lastKnownFileType = image.png; path = hero_power_mage.png; sourceTree = "<group>"; };
		F9AAF14C18E385E300DBD9FF /* hero_power_priest.png */ = {isa = PBXFileReference; lastKnownFileType = image.png; path = hero_power_priest.png; sourceTree = "<group>"; };
		F9AAF15118E385E300DBD9FF /* AcidicSwampOoze.png */ = {isa = PBXFileReference; lastKnownFileType = image.png; path = AcidicSwampOoze.png; sourceTree = "<group>"; };
		F9AAF15218E385E300DBD9FF /* AmaniBerserker.png */ = {isa = PBXFileReference; lastKnownFileType = image.png; path = AmaniBerserker.png; sourceTree = "<group>"; };
		F9AAF15518E385E300DBD9FF /* DarkIronDwarf.png */ = {isa = PBXFileReference; lastKnownFileType = image.png; path = DarkIronDwarf.png; sourceTree = "<group>"; };
		F9AAF15618E385E300DBD9FF /* MogushanWarden.png */ = {isa = PBXFileReference; lastKnownFileType = image.png; path = MogushanWarden.png; sourceTree = "<group>"; };
		F9AAF15818E385E300DBD9FF /* Abomination.png */ = {isa = PBXFileReference; lastKnownFileType = image.png; path = Abomination.png; sourceTree = "<group>"; };
		F9AAF15918E385E300DBD9FF /* FacelessManipulator.png */ = {isa = PBXFileReference; lastKnownFileType = image.png; path = FacelessManipulator.png; sourceTree = "<group>"; };
		F9AAF15A18E385E300DBD9FF /* VentureCoMercenary.png */ = {isa = PBXFileReference; lastKnownFileType = image.png; path = VentureCoMercenary.png; sourceTree = "<group>"; };
		F9AAF15C18E385E300DBD9FF /* ArgentCommander.png */ = {isa = PBXFileReference; lastKnownFileType = image.png; path = ArgentCommander.png; sourceTree = "<group>"; };
		F9AAF15E18E385E300DBD9FF /* RagnarosTheFirelord.png */ = {isa = PBXFileReference; lastKnownFileType = image.png; path = RagnarosTheFirelord.png; sourceTree = "<group>"; };
		F9AAF15F18E385E300DBD9FF /* WarGolem.png */ = {isa = PBXFileReference; lastKnownFileType = image.png; path = WarGolem.png; sourceTree = "<group>"; };
		F9AAF16118E385E300DBD9FF /* ArcaniteReaper.png */ = {isa = PBXFileReference; lastKnownFileType = image.png; path = ArcaniteReaper.png; sourceTree = "<group>"; };
		F9AAF16218E385E300DBD9FF /* EaglehornBow.png */ = {isa = PBXFileReference; lastKnownFileType = image.png; path = EaglehornBow.png; sourceTree = "<group>"; };
		F9AAF16318E385E300DBD9FF /* weapon_attack.png */ = {isa = PBXFileReference; lastKnownFileType = image.png; path = weapon_attack.png; sourceTree = "<group>"; };
		F9AAF16418E385E300DBD9FF /* weapon_cardframe.png */ = {isa = PBXFileReference; lastKnownFileType = image.png; path = weapon_cardframe.png; sourceTree = "<group>"; };
		F9AAF16518E385E300DBD9FF /* weapon_durability.png */ = {isa = PBXFileReference; lastKnownFileType = image.png; path = weapon_durability.png; sourceTree = "<group>"; };
		F9AAF16618E385E300DBD9FF /* weapon_frame.png */ = {isa = PBXFileReference; lastKnownFileType = image.png; path = weapon_frame.png; sourceTree = "<group>"; };
		F9AAF16718E385E300DBD9FF /* weapon_none.png */ = {isa = PBXFileReference; lastKnownFileType = image.png; path = weapon_none.png; sourceTree = "<group>"; };
		F9AAF18E18E42C6000DBD9FF /* HSPuzzleBuilderMenuViewController.h */ = {isa = PBXFileReference; fileEncoding = 4; lastKnownFileType = sourcecode.c.h; path = HSPuzzleBuilderMenuViewController.h; sourceTree = "<group>"; };
		F9AAF18F18E42C6000DBD9FF /* HSPuzzleBuilderMenuViewController.m */ = {isa = PBXFileReference; fileEncoding = 4; lastKnownFileType = sourcecode.c.objc; path = HSPuzzleBuilderMenuViewController.m; sourceTree = "<group>"; };
		F9AAF19018E42C6000DBD9FF /* HSPuzzleBuilderMenuViewController.xib */ = {isa = PBXFileReference; fileEncoding = 4; lastKnownFileType = file.xib; path = HSPuzzleBuilderMenuViewController.xib; sourceTree = "<group>"; };
		F9AAF19118E42C6000DBD9FF /* HSPuzzleBuilderViewController.h */ = {isa = PBXFileReference; fileEncoding = 4; lastKnownFileType = sourcecode.c.h; path = HSPuzzleBuilderViewController.h; sourceTree = "<group>"; };
		F9AAF19218E42C6000DBD9FF /* HSPuzzleBuilderViewController.m */ = {isa = PBXFileReference; fileEncoding = 4; lastKnownFileType = sourcecode.c.objc; path = HSPuzzleBuilderViewController.m; sourceTree = "<group>"; };
		F9AAF19818E42CBD00DBD9FF /* HSHomeViewController.h */ = {isa = PBXFileReference; fileEncoding = 4; lastKnownFileType = sourcecode.c.h; path = HSHomeViewController.h; sourceTree = "<group>"; };
		F9AAF19918E42CBD00DBD9FF /* HSHomeViewController.m */ = {isa = PBXFileReference; fileEncoding = 4; lastKnownFileType = sourcecode.c.objc; path = HSHomeViewController.m; sourceTree = "<group>"; };
		F9AAF1A118E4520500DBD9FF /* iCarousel.h */ = {isa = PBXFileReference; fileEncoding = 4; lastKnownFileType = sourcecode.c.h; path = iCarousel.h; sourceTree = "<group>"; };
		F9AAF1A218E4520500DBD9FF /* iCarousel.m */ = {isa = PBXFileReference; fileEncoding = 4; lastKnownFileType = sourcecode.c.objc; path = iCarousel.m; sourceTree = "<group>"; };
		F9AAF1A518E452B700DBD9FF /* HSHeroEditViewController.h */ = {isa = PBXFileReference; fileEncoding = 4; lastKnownFileType = sourcecode.c.h; path = HSHeroEditViewController.h; sourceTree = "<group>"; };
		F9AAF1A618E452B700DBD9FF /* HSHeroEditViewController.m */ = {isa = PBXFileReference; fileEncoding = 4; lastKnownFileType = sourcecode.c.objc; path = HSHeroEditViewController.m; sourceTree = "<group>"; };
		F9AAF1A718E452B700DBD9FF /* HSHeroEditViewController.xib */ = {isa = PBXFileReference; fileEncoding = 4; lastKnownFileType = file.xib; path = HSHeroEditViewController.xib; sourceTree = "<group>"; };
		F9AAF1AA18E4576C00DBD9FF /* HSDataCenter.h */ = {isa = PBXFileReference; fileEncoding = 4; lastKnownFileType = sourcecode.c.h; path = HSDataCenter.h; sourceTree = "<group>"; };
		F9AAF1AB18E4576C00DBD9FF /* HSDataCenter.m */ = {isa = PBXFileReference; fileEncoding = 4; lastKnownFileType = sourcecode.c.objc; path = HSDataCenter.m; sourceTree = "<group>"; };
		F9AAF1AF18E4590F00DBD9FF /* HSModel.xcdatamodel */ = {isa = PBXFileReference; lastKnownFileType = wrapper.xcdatamodel; path = HSModel.xcdatamodel; sourceTree = "<group>"; };
		F9AAF1C518E463AE00DBD9FF /* HSScene.h */ = {isa = PBXFileReference; fileEncoding = 4; lastKnownFileType = sourcecode.c.h; path = HSScene.h; sourceTree = "<group>"; };
		F9AAF1C618E463AE00DBD9FF /* HSScene.m */ = {isa = PBXFileReference; fileEncoding = 4; lastKnownFileType = sourcecode.c.objc; path = HSScene.m; sourceTree = "<group>"; };
		F9AAF1C818E463AE00DBD9FF /* HSHero.h */ = {isa = PBXFileReference; fileEncoding = 4; lastKnownFileType = sourcecode.c.h; path = HSHero.h; sourceTree = "<group>"; };
		F9AAF1C918E463AE00DBD9FF /* HSHero.m */ = {isa = PBXFileReference; fileEncoding = 4; lastKnownFileType = sourcecode.c.objc; path = HSHero.m; sourceTree = "<group>"; };
		F9AAF1CB18E463AE00DBD9FF /* HSCard.h */ = {isa = PBXFileReference; fileEncoding = 4; lastKnownFileType = sourcecode.c.h; name = HSCard.h; path = HSPuzzle/Classes/HSCard.h; sourceTree = SOURCE_ROOT; };
		F9AAF1CC18E463AE00DBD9FF /* HSCard.m */ = {isa = PBXFileReference; fileEncoding = 4; lastKnownFileType = sourcecode.c.objc; name = HSCard.m; path = HSPuzzle/Classes/HSCard.m; sourceTree = SOURCE_ROOT; };
		F9AAF1CE18E463F200DBD9FF /* HSSpell.h */ = {isa = PBXFileReference; fileEncoding = 4; lastKnownFileType = sourcecode.c.h; path = HSSpell.h; sourceTree = "<group>"; };
		F9AAF1CF18E463F200DBD9FF /* HSSpell.m */ = {isa = PBXFileReference; fileEncoding = 4; lastKnownFileType = sourcecode.c.objc; path = HSSpell.m; sourceTree = "<group>"; };
		F9AAF1D118E463F200DBD9FF /* HSMinion.h */ = {isa = PBXFileReference; fileEncoding = 4; lastKnownFileType = sourcecode.c.h; path = HSMinion.h; sourceTree = "<group>"; };
		F9AAF1D218E463F200DBD9FF /* HSMinion.m */ = {isa = PBXFileReference; fileEncoding = 4; lastKnownFileType = sourcecode.c.objc; path = HSMinion.m; sourceTree = "<group>"; };
		F9AAF1D418E4667F00DBD9FF /* CoreData.framework */ = {isa = PBXFileReference; lastKnownFileType = wrapper.framework; name = CoreData.framework; path = System/Library/Frameworks/CoreData.framework; sourceTree = SDKROOT; };
/* End PBXFileReference section */

/* Begin PBXFrameworksBuildPhase section */
		F9AAF0F518E2D0AB00DBD9FF /* Frameworks */ = {
			isa = PBXFrameworksBuildPhase;
			buildActionMask = 2147483647;
			files = (
				F9AAF1D518E4667F00DBD9FF /* CoreData.framework in Frameworks */,
				F9AAF0FE18E2D0AB00DBD9FF /* CoreGraphics.framework in Frameworks */,
				F9AAF10018E2D0AB00DBD9FF /* UIKit.framework in Frameworks */,
				F9AAF0FC18E2D0AB00DBD9FF /* Foundation.framework in Frameworks */,
			);
			runOnlyForDeploymentPostprocessing = 0;
		};
		F9AAF11618E2D0AB00DBD9FF /* Frameworks */ = {
			isa = PBXFrameworksBuildPhase;
			buildActionMask = 2147483647;
			files = (
				F9AAF11B18E2D0AB00DBD9FF /* XCTest.framework in Frameworks */,
				F9AAF11D18E2D0AB00DBD9FF /* UIKit.framework in Frameworks */,
				F9AAF11C18E2D0AB00DBD9FF /* Foundation.framework in Frameworks */,
			);
			runOnlyForDeploymentPostprocessing = 0;
		};
/* End PBXFrameworksBuildPhase section */

/* Begin PBXGroup section */
		F9AAF0EF18E2D0AB00DBD9FF = {
			isa = PBXGroup;
			children = (
				F9AAF10118E2D0AB00DBD9FF /* HSPuzzle */,
				F9AAF12018E2D0AB00DBD9FF /* HSPuzzleTests */,
				F9AAF0FA18E2D0AB00DBD9FF /* Frameworks */,
				F9AAF0F918E2D0AB00DBD9FF /* Products */,
			);
			sourceTree = "<group>";
		};
		F9AAF0F918E2D0AB00DBD9FF /* Products */ = {
			isa = PBXGroup;
			children = (
				F9AAF0F818E2D0AB00DBD9FF /* HSPuzzle.app */,
				F9AAF11918E2D0AB00DBD9FF /* HSPuzzleTests.xctest */,
			);
			name = Products;
			sourceTree = "<group>";
		};
		F9AAF0FA18E2D0AB00DBD9FF /* Frameworks */ = {
			isa = PBXGroup;
			children = (
				F9AAF1D418E4667F00DBD9FF /* CoreData.framework */,
				F9AAF0FB18E2D0AB00DBD9FF /* Foundation.framework */,
				F9AAF0FD18E2D0AB00DBD9FF /* CoreGraphics.framework */,
				F9AAF0FF18E2D0AB00DBD9FF /* UIKit.framework */,
				F9AAF11A18E2D0AB00DBD9FF /* XCTest.framework */,
			);
			name = Frameworks;
			sourceTree = "<group>";
		};
		F9AAF10118E2D0AB00DBD9FF /* HSPuzzle */ = {
			isa = PBXGroup;
			children = (
				F9AAF13018E2D28000DBD9FF /* Classes */,
				F9AAF13918E2D28000DBD9FF /* Resources */,
				F9AAF10D18E2D0AB00DBD9FF /* Main.storyboard */,
				F9AAF11318E2D0AB00DBD9FF /* Images.xcassets */,
				F9AAF10218E2D0AB00DBD9FF /* Supporting Files */,
			);
			path = HSPuzzle;
			sourceTree = "<group>";
		};
		F9AAF10218E2D0AB00DBD9FF /* Supporting Files */ = {
			isa = PBXGroup;
			children = (
				F9AAF10318E2D0AB00DBD9FF /* HSPuzzle-Info.plist */,
				F9AAF10718E2D0AB00DBD9FF /* main.m */,
				F9AAF10918E2D0AB00DBD9FF /* HSPuzzle-Prefix.pch */,
			);
			name = "Supporting Files";
			sourceTree = "<group>";
		};
		F9AAF12018E2D0AB00DBD9FF /* HSPuzzleTests */ = {
			isa = PBXGroup;
			children = (
				F9AAF12618E2D0AB00DBD9FF /* HSPuzzleTests.m */,
				F9AAF12118E2D0AB00DBD9FF /* Supporting Files */,
			);
			path = HSPuzzleTests;
			sourceTree = "<group>";
		};
		F9AAF12118E2D0AB00DBD9FF /* Supporting Files */ = {
			isa = PBXGroup;
			children = (
				F9AAF12218E2D0AB00DBD9FF /* HSPuzzleTests-Info.plist */,
				F9AAF12318E2D0AB00DBD9FF /* InfoPlist.strings */,
			);
			name = "Supporting Files";
			sourceTree = "<group>";
		};
		F9AAF13018E2D28000DBD9FF /* Classes */ = {
			isa = PBXGroup;
			children = (
				F9AAF1C418E463A200DBD9FF /* Data */,
				F9AAF19D18E4520500DBD9FF /* Helpers */,
				F9AAF13218E2D28000DBD9FF /* Engine */,
				F9AAF13318E2D28000DBD9FF /* HSAppDelegate.h */,
				F9AAF13418E2D28000DBD9FF /* HSAppDelegate.m */,
				F9AAF13618E2D28000DBD9FF /* Views */,
			);
			path = Classes;
			sourceTree = "<group>";
		};
		F9AAF13218E2D28000DBD9FF /* Engine */ = {
			isa = PBXGroup;
			children = (
				F9AAF1AA18E4576C00DBD9FF /* HSDataCenter.h */,
				F9AAF1AB18E4576C00DBD9FF /* HSDataCenter.m */,
			);
			path = Engine;
			sourceTree = "<group>";
		};
		F9AAF13618E2D28000DBD9FF /* Views */ = {
			isa = PBXGroup;
			children = (
				F9AAF1A418E4528B00DBD9FF /* popovers */,
				F9AAF19718E42CBD00DBD9FF /* home */,
				F9AAF18D18E42C6000DBD9FF /* puzzle_builder */,
			);
			path = Views;
			sourceTree = "<group>";
		};
		F9AAF13918E2D28000DBD9FF /* Resources */ = {
			isa = PBXGroup;
			children = (
				F9AAF1AD18E4590500DBD9FF /* data */,
				F9AAF13F18E385E300DBD9FF /* images */,
			);
			path = Resources;
			sourceTree = "<group>";
		};
		F9AAF13F18E385E300DBD9FF /* images */ = {
			isa = PBXGroup;
			children = (
				F9AAF14018E385E300DBD9FF /* arena */,
				F9AAF14218E385E300DBD9FF /* heroes */,
				F9AAF14D18E385E300DBD9FF /* minions */,
				F9AAF16018E385E300DBD9FF /* weapons */,
			);
			path = images;
			sourceTree = "<group>";
		};
		F9AAF14018E385E300DBD9FF /* arena */ = {
			isa = PBXGroup;
			children = (
				F9AAF14118E385E300DBD9FF /* bg_arena_03.jpg */,
			);
			path = arena;
			sourceTree = "<group>";
		};
		F9AAF14218E385E300DBD9FF /* heroes */ = {
			isa = PBXGroup;
			children = (
				F9AAF14318E385E300DBD9FF /* avatar */,
				F9AAF14818E385E300DBD9FF /* power */,
			);
			path = heroes;
			sourceTree = "<group>";
		};
		F9AAF14318E385E300DBD9FF /* avatar */ = {
			isa = PBXGroup;
			children = (
				F9AAF14418E385E300DBD9FF /* hero_avatar_druid.png */,
				F9AAF14518E385E300DBD9FF /* hero_avatar_hunter.png */,
				F9AAF14618E385E300DBD9FF /* hero_avatar_mage.png */,
				F9AAF14718E385E300DBD9FF /* hero_avatar_priest.png */,
			);
			path = avatar;
			sourceTree = "<group>";
		};
		F9AAF14818E385E300DBD9FF /* power */ = {
			isa = PBXGroup;
			children = (
				F9AAF14918E385E300DBD9FF /* hero_power_druid.png */,
				F9AAF14A18E385E300DBD9FF /* hero_power_hunter.png */,
				F9AAF14B18E385E300DBD9FF /* hero_power_mage.png */,
				F9AAF14C18E385E300DBD9FF /* hero_power_priest.png */,
			);
			path = power;
			sourceTree = "<group>";
		};
		F9AAF14D18E385E300DBD9FF /* minions */ = {
			isa = PBXGroup;
			children = (
				F9AAF14E18E385E300DBD9FF /* neutral */,
			);
			path = minions;
			sourceTree = "<group>";
		};
		F9AAF14E18E385E300DBD9FF /* neutral */ = {
			isa = PBXGroup;
			children = (
				F9AAF14F18E385E300DBD9FF /* mana-01 */,
				F9AAF15018E385E300DBD9FF /* mana-02 */,
				F9AAF15318E385E300DBD9FF /* mana-03 */,
				F9AAF15418E385E300DBD9FF /* mana-04 */,
				F9AAF15718E385E300DBD9FF /* mana-05 */,
				F9AAF15B18E385E300DBD9FF /* mana-06 */,
				F9AAF15D18E385E300DBD9FF /* mana-07+ */,
			);
			path = neutral;
			sourceTree = "<group>";
		};
		F9AAF14F18E385E300DBD9FF /* mana-01 */ = {
			isa = PBXGroup;
			children = (
			);
			path = "mana-01";
			sourceTree = "<group>";
		};
		F9AAF15018E385E300DBD9FF /* mana-02 */ = {
			isa = PBXGroup;
			children = (
				F9AAF15118E385E300DBD9FF /* AcidicSwampOoze.png */,
				F9AAF15218E385E300DBD9FF /* AmaniBerserker.png */,
			);
			path = "mana-02";
			sourceTree = "<group>";
		};
		F9AAF15318E385E300DBD9FF /* mana-03 */ = {
			isa = PBXGroup;
			children = (
			);
			path = "mana-03";
			sourceTree = "<group>";
		};
		F9AAF15418E385E300DBD9FF /* mana-04 */ = {
			isa = PBXGroup;
			children = (
				F9AAF15518E385E300DBD9FF /* DarkIronDwarf.png */,
				F9AAF15618E385E300DBD9FF /* MogushanWarden.png */,
			);
			path = "mana-04";
			sourceTree = "<group>";
		};
		F9AAF15718E385E300DBD9FF /* mana-05 */ = {
			isa = PBXGroup;
			children = (
				F9AAF15818E385E300DBD9FF /* Abomination.png */,
				F9AAF15918E385E300DBD9FF /* FacelessManipulator.png */,
				F9AAF15A18E385E300DBD9FF /* VentureCoMercenary.png */,
			);
			path = "mana-05";
			sourceTree = "<group>";
		};
		F9AAF15B18E385E300DBD9FF /* mana-06 */ = {
			isa = PBXGroup;
			children = (
				F9AAF15C18E385E300DBD9FF /* ArgentCommander.png */,
			);
			path = "mana-06";
			sourceTree = "<group>";
		};
		F9AAF15D18E385E300DBD9FF /* mana-07+ */ = {
			isa = PBXGroup;
			children = (
				F9AAF15E18E385E300DBD9FF /* RagnarosTheFirelord.png */,
				F9AAF15F18E385E300DBD9FF /* WarGolem.png */,
			);
			path = "mana-07+";
			sourceTree = "<group>";
		};
		F9AAF16018E385E300DBD9FF /* weapons */ = {
			isa = PBXGroup;
			children = (
				F9AAF16118E385E300DBD9FF /* ArcaniteReaper.png */,
				F9AAF16218E385E300DBD9FF /* EaglehornBow.png */,
				F9AAF16318E385E300DBD9FF /* weapon_attack.png */,
				F9AAF16418E385E300DBD9FF /* weapon_cardframe.png */,
				F9AAF16518E385E300DBD9FF /* weapon_durability.png */,
				F9AAF16618E385E300DBD9FF /* weapon_frame.png */,
				F9AAF16718E385E300DBD9FF /* weapon_none.png */,
			);
			path = weapons;
			sourceTree = "<group>";
		};
		F9AAF18D18E42C6000DBD9FF /* puzzle_builder */ = {
			isa = PBXGroup;
			children = (
				F9AAF18E18E42C6000DBD9FF /* HSPuzzleBuilderMenuViewController.h */,
				F9AAF18F18E42C6000DBD9FF /* HSPuzzleBuilderMenuViewController.m */,
				F9AAF19018E42C6000DBD9FF /* HSPuzzleBuilderMenuViewController.xib */,
				F9AAF19118E42C6000DBD9FF /* HSPuzzleBuilderViewController.h */,
				F9AAF19218E42C6000DBD9FF /* HSPuzzleBuilderViewController.m */,
			);
			path = puzzle_builder;
			sourceTree = "<group>";
		};
		F9AAF19718E42CBD00DBD9FF /* home */ = {
			isa = PBXGroup;
			children = (
				F9AAF19818E42CBD00DBD9FF /* HSHomeViewController.h */,
				F9AAF19918E42CBD00DBD9FF /* HSHomeViewController.m */,
			);
			path = home;
			sourceTree = "<group>";
		};
		F9AAF19D18E4520500DBD9FF /* Helpers */ = {
			isa = PBXGroup;
			children = (
				F9AAF19E18E4520500DBD9FF /* Categories */,
				F9AAF19F18E4520500DBD9FF /* UI_Components */,
			);
			path = Helpers;
			sourceTree = "<group>";
		};
		F9AAF19E18E4520500DBD9FF /* Categories */ = {
			isa = PBXGroup;
			children = (
			);
			path = Categories;
			sourceTree = "<group>";
		};
		F9AAF19F18E4520500DBD9FF /* UI_Components */ = {
			isa = PBXGroup;
			children = (
				F9AAF1A018E4520500DBD9FF /* iCarousel */,
			);
			path = UI_Components;
			sourceTree = "<group>";
		};
		F9AAF1A018E4520500DBD9FF /* iCarousel */ = {
			isa = PBXGroup;
			children = (
				F9AAF1A118E4520500DBD9FF /* iCarousel.h */,
				F9AAF1A218E4520500DBD9FF /* iCarousel.m */,
			);
			path = iCarousel;
			sourceTree = "<group>";
		};
		F9AAF1A418E4528B00DBD9FF /* popovers */ = {
			isa = PBXGroup;
			children = (
				F9AAF1A518E452B700DBD9FF /* HSHeroEditViewController.h */,
				F9AAF1A618E452B700DBD9FF /* HSHeroEditViewController.m */,
				F9AAF1A718E452B700DBD9FF /* HSHeroEditViewController.xib */,
			);
			path = popovers;
			sourceTree = "<group>";
		};
		F9AAF1AD18E4590500DBD9FF /* data */ = {
			isa = PBXGroup;
			children = (
				F9AAF1AE18E4590F00DBD9FF /* HSModel.xcdatamodeld */,
			);
			path = data;
			sourceTree = "<group>";
		};
		F9AAF1C418E463A200DBD9FF /* Data */ = {
			isa = PBXGroup;
			children = (
				F9AAF1CB18E463AE00DBD9FF /* HSCard.h */,
				F9AAF1CC18E463AE00DBD9FF /* HSCard.m */,
				F9AAF1C818E463AE00DBD9FF /* HSHero.h */,
				F9AAF1C918E463AE00DBD9FF /* HSHero.m */,
				F9AAF1C518E463AE00DBD9FF /* HSScene.h */,
				F9AAF1C618E463AE00DBD9FF /* HSScene.m */,
				F9AAF1D118E463F200DBD9FF /* HSMinion.h */,
				F9AAF1D218E463F200DBD9FF /* HSMinion.m */,
				F9AAF1CE18E463F200DBD9FF /* HSSpell.h */,
				F9AAF1CF18E463F200DBD9FF /* HSSpell.m */,
			);
			path = Data;
			sourceTree = "<group>";
		};
/* End PBXGroup section */

/* Begin PBXNativeTarget section */
		F9AAF0F718E2D0AB00DBD9FF /* HSPuzzle */ = {
			isa = PBXNativeTarget;
			buildConfigurationList = F9AAF12A18E2D0AB00DBD9FF /* Build configuration list for PBXNativeTarget "HSPuzzle" */;
			buildPhases = (
				F9AAF0F418E2D0AB00DBD9FF /* Sources */,
				F9AAF0F518E2D0AB00DBD9FF /* Frameworks */,
				F9AAF0F618E2D0AB00DBD9FF /* Resources */,
			);
			buildRules = (
			);
			dependencies = (
			);
			name = HSPuzzle;
			productName = HSPuzzle;
			productReference = F9AAF0F818E2D0AB00DBD9FF /* HSPuzzle.app */;
			productType = "com.apple.product-type.application";
		};
		F9AAF11818E2D0AB00DBD9FF /* HSPuzzleTests */ = {
			isa = PBXNativeTarget;
			buildConfigurationList = F9AAF12D18E2D0AB00DBD9FF /* Build configuration list for PBXNativeTarget "HSPuzzleTests" */;
			buildPhases = (
				F9AAF11518E2D0AB00DBD9FF /* Sources */,
				F9AAF11618E2D0AB00DBD9FF /* Frameworks */,
				F9AAF11718E2D0AB00DBD9FF /* Resources */,
			);
			buildRules = (
			);
			dependencies = (
				F9AAF11F18E2D0AB00DBD9FF /* PBXTargetDependency */,
			);
			name = HSPuzzleTests;
			productName = HSPuzzleTests;
			productReference = F9AAF11918E2D0AB00DBD9FF /* HSPuzzleTests.xctest */;
			productType = "com.apple.product-type.bundle.unit-test";
		};
/* End PBXNativeTarget section */

/* Begin PBXProject section */
		F9AAF0F018E2D0AB00DBD9FF /* Project object */ = {
			isa = PBXProject;
			attributes = {
				CLASSPREFIX = HS;
				LastUpgradeCheck = 0510;
				ORGANIZATIONNAME = "Julien Tran";
				TargetAttributes = {
					F9AAF11818E2D0AB00DBD9FF = {
						TestTargetID = F9AAF0F718E2D0AB00DBD9FF;
					};
				};
			};
			buildConfigurationList = F9AAF0F318E2D0AB00DBD9FF /* Build configuration list for PBXProject "HSPuzzle" */;
			compatibilityVersion = "Xcode 3.2";
			developmentRegion = English;
			hasScannedForEncodings = 0;
			knownRegions = (
				en,
				Base,
			);
			mainGroup = F9AAF0EF18E2D0AB00DBD9FF;
			productRefGroup = F9AAF0F918E2D0AB00DBD9FF /* Products */;
			projectDirPath = "";
			projectRoot = "";
			targets = (
				F9AAF0F718E2D0AB00DBD9FF /* HSPuzzle */,
				F9AAF11818E2D0AB00DBD9FF /* HSPuzzleTests */,
			);
		};
/* End PBXProject section */

/* Begin PBXResourcesBuildPhase section */
		F9AAF0F618E2D0AB00DBD9FF /* Resources */ = {
			isa = PBXResourcesBuildPhase;
			buildActionMask = 2147483647;
			files = (
				F9AAF16D18E385E300DBD9FF /* hero_power_druid.png in Resources */,
				F9AAF1A918E452B700DBD9FF /* HSHeroEditViewController.xib in Resources */,
				F9AAF16B18E385E300DBD9FF /* hero_avatar_mage.png in Resources */,
				F9AAF17F18E385E300DBD9FF /* weapon_durability.png in Resources */,
				F9AAF18118E385E300DBD9FF /* weapon_none.png in Resources */,
				F9AAF16E18E385E300DBD9FF /* hero_power_hunter.png in Resources */,
				F9AAF17518E385E300DBD9FF /* Abomination.png in Resources */,
				F9AAF16A18E385E300DBD9FF /* hero_avatar_hunter.png in Resources */,
				F9AAF17D18E385E300DBD9FF /* weapon_attack.png in Resources */,
				F9AAF17218E385E300DBD9FF /* AmaniBerserker.png in Resources */,
				F9AAF17118E385E300DBD9FF /* AcidicSwampOoze.png in Resources */,
				F9AAF17918E385E300DBD9FF /* RagnarosTheFirelord.png in Resources */,
				F9AAF16C18E385E300DBD9FF /* hero_avatar_priest.png in Resources */,
				F9AAF17018E385E300DBD9FF /* hero_power_priest.png in Resources */,
				F9AAF17318E385E300DBD9FF /* DarkIronDwarf.png in Resources */,
				F9AAF18018E385E300DBD9FF /* weapon_frame.png in Resources */,
				F9AAF17E18E385E300DBD9FF /* weapon_cardframe.png in Resources */,
				F9AAF16818E385E300DBD9FF /* bg_arena_03.jpg in Resources */,
				F9AAF17618E385E300DBD9FF /* FacelessManipulator.png in Resources */,
				F9AAF17B18E385E300DBD9FF /* ArcaniteReaper.png in Resources */,
				F9AAF17718E385E300DBD9FF /* VentureCoMercenary.png in Resources */,
				F9AAF17A18E385E300DBD9FF /* WarGolem.png in Resources */,
				F9AAF19518E42C6000DBD9FF /* HSPuzzleBuilderMenuViewController.xib in Resources */,
				F9AAF11418E2D0AB00DBD9FF /* Images.xcassets in Resources */,
				F9AAF17418E385E300DBD9FF /* MogushanWarden.png in Resources */,
				F9AAF16F18E385E300DBD9FF /* hero_power_mage.png in Resources */,
				F9AAF10F18E2D0AB00DBD9FF /* Main.storyboard in Resources */,
				F9AAF17C18E385E300DBD9FF /* EaglehornBow.png in Resources */,
				F9AAF16918E385E300DBD9FF /* hero_avatar_druid.png in Resources */,
				F9AAF17818E385E300DBD9FF /* ArgentCommander.png in Resources */,
			);
			runOnlyForDeploymentPostprocessing = 0;
		};
		F9AAF11718E2D0AB00DBD9FF /* Resources */ = {
			isa = PBXResourcesBuildPhase;
			buildActionMask = 2147483647;
			files = (
				F9AAF12518E2D0AB00DBD9FF /* InfoPlist.strings in Resources */,
			);
			runOnlyForDeploymentPostprocessing = 0;
		};
/* End PBXResourcesBuildPhase section */

/* Begin PBXSourcesBuildPhase section */
		F9AAF0F418E2D0AB00DBD9FF /* Sources */ = {
			isa = PBXSourcesBuildPhase;
			buildActionMask = 2147483647;
			files = (
				F9AAF10818E2D0AB00DBD9FF /* main.m in Sources */,
				F9AAF19418E42C6000DBD9FF /* HSPuzzleBuilderMenuViewController.m in Sources */,
				F9AAF13A18E2D28000DBD9FF /* HSAppDelegate.m in Sources */,
				F9AAF1C718E463AE00DBD9FF /* HSScene.m in Sources */,
				F9AAF1A318E4520500DBD9FF /* iCarousel.m in Sources */,
				F9AAF1B018E4590F00DBD9FF /* HSModel.xcdatamodeld in Sources */,
				F9AAF1D318E463F200DBD9FF /* HSMinion.m in Sources */,
				F9AAF19A18E42CBD00DBD9FF /* HSHomeViewController.m in Sources */,
				F9AAF1A818E452B700DBD9FF /* HSHeroEditViewController.m in Sources */,
				F9AAF19618E42C6000DBD9FF /* HSPuzzleBuilderViewController.m in Sources */,
				F9AAF1AC18E4576C00DBD9FF /* HSDataCenter.m in Sources */,
				F9AAF1CA18E463AE00DBD9FF /* HSHero.m in Sources */,
				F9AAF1CD18E463AE00DBD9FF /* HSCard.m in Sources */,
				F9AAF1D018E463F200DBD9FF /* HSSpell.m in Sources */,
			);
			runOnlyForDeploymentPostprocessing = 0;
		};
		F9AAF11518E2D0AB00DBD9FF /* Sources */ = {
			isa = PBXSourcesBuildPhase;
			buildActionMask = 2147483647;
			files = (
				F9AAF12718E2D0AB00DBD9FF /* HSPuzzleTests.m in Sources */,
			);
			runOnlyForDeploymentPostprocessing = 0;
		};
/* End PBXSourcesBuildPhase section */

/* Begin PBXTargetDependency section */
		F9AAF11F18E2D0AB00DBD9FF /* PBXTargetDependency */ = {
			isa = PBXTargetDependency;
			target = F9AAF0F718E2D0AB00DBD9FF /* HSPuzzle */;
			targetProxy = F9AAF11E18E2D0AB00DBD9FF /* PBXContainerItemProxy */;
		};
/* End PBXTargetDependency section */

/* Begin PBXVariantGroup section */
		F9AAF10D18E2D0AB00DBD9FF /* Main.storyboard */ = {
			isa = PBXVariantGroup;
			children = (
				F9AAF10E18E2D0AB00DBD9FF /* Base */,
			);
			name = Main.storyboard;
			sourceTree = "<group>";
		};
		F9AAF12318E2D0AB00DBD9FF /* InfoPlist.strings */ = {
			isa = PBXVariantGroup;
			children = (
				F9AAF12418E2D0AB00DBD9FF /* en */,
			);
			name = InfoPlist.strings;
			sourceTree = "<group>";
		};
/* End PBXVariantGroup section */

/* Begin XCBuildConfiguration section */
		F9AAF12818E2D0AB00DBD9FF /* Debug */ = {
			isa = XCBuildConfiguration;
			buildSettings = {
				ALWAYS_SEARCH_USER_PATHS = NO;
				CLANG_CXX_LANGUAGE_STANDARD = "gnu++0x";
				CLANG_CXX_LIBRARY = "libc++";
				CLANG_ENABLE_MODULES = YES;
				CLANG_ENABLE_OBJC_ARC = YES;
				CLANG_WARN_BOOL_CONVERSION = YES;
				CLANG_WARN_CONSTANT_CONVERSION = YES;
				CLANG_WARN_DIRECT_OBJC_ISA_USAGE = YES_ERROR;
				CLANG_WARN_EMPTY_BODY = YES;
				CLANG_WARN_ENUM_CONVERSION = YES;
				CLANG_WARN_INT_CONVERSION = YES;
				CLANG_WARN_OBJC_ROOT_CLASS = YES_ERROR;
				CLANG_WARN__DUPLICATE_METHOD_MATCH = YES;
				"CODE_SIGN_IDENTITY[sdk=iphoneos*]" = "iPhone Developer";
				COPY_PHASE_STRIP = NO;
				GCC_C_LANGUAGE_STANDARD = gnu99;
				GCC_DYNAMIC_NO_PIC = NO;
				GCC_OPTIMIZATION_LEVEL = 0;
				GCC_PREPROCESSOR_DEFINITIONS = (
					"DEBUG=1",
					"$(inherited)",
				);
				GCC_SYMBOLS_PRIVATE_EXTERN = NO;
				GCC_WARN_64_TO_32_BIT_CONVERSION = YES;
				GCC_WARN_ABOUT_RETURN_TYPE = YES_ERROR;
				GCC_WARN_UNDECLARED_SELECTOR = YES;
				GCC_WARN_UNINITIALIZED_AUTOS = YES_AGGRESSIVE;
				GCC_WARN_UNUSED_FUNCTION = YES;
				GCC_WARN_UNUSED_VARIABLE = YES;
				IPHONEOS_DEPLOYMENT_TARGET = 6.0;
				ONLY_ACTIVE_ARCH = YES;
				SDKROOT = iphoneos;
				TARGETED_DEVICE_FAMILY = 2;
			};
			name = Debug;
		};
		F9AAF12918E2D0AB00DBD9FF /* Release */ = {
			isa = XCBuildConfiguration;
			buildSettings = {
				ALWAYS_SEARCH_USER_PATHS = NO;
				CLANG_CXX_LANGUAGE_STANDARD = "gnu++0x";
				CLANG_CXX_LIBRARY = "libc++";
				CLANG_ENABLE_MODULES = YES;
				CLANG_ENABLE_OBJC_ARC = YES;
				CLANG_WARN_BOOL_CONVERSION = YES;
				CLANG_WARN_CONSTANT_CONVERSION = YES;
				CLANG_WARN_DIRECT_OBJC_ISA_USAGE = YES_ERROR;
				CLANG_WARN_EMPTY_BODY = YES;
				CLANG_WARN_ENUM_CONVERSION = YES;
				CLANG_WARN_INT_CONVERSION = YES;
				CLANG_WARN_OBJC_ROOT_CLASS = YES_ERROR;
				CLANG_WARN__DUPLICATE_METHOD_MATCH = YES;
				"CODE_SIGN_IDENTITY[sdk=iphoneos*]" = "iPhone Developer";
				COPY_PHASE_STRIP = YES;
				ENABLE_NS_ASSERTIONS = NO;
				GCC_C_LANGUAGE_STANDARD = gnu99;
				GCC_WARN_64_TO_32_BIT_CONVERSION = YES;
				GCC_WARN_ABOUT_RETURN_TYPE = YES_ERROR;
				GCC_WARN_UNDECLARED_SELECTOR = YES;
				GCC_WARN_UNINITIALIZED_AUTOS = YES_AGGRESSIVE;
				GCC_WARN_UNUSED_FUNCTION = YES;
				GCC_WARN_UNUSED_VARIABLE = YES;
				IPHONEOS_DEPLOYMENT_TARGET = 6.0;
				SDKROOT = iphoneos;
				TARGETED_DEVICE_FAMILY = 2;
				VALIDATE_PRODUCT = YES;
			};
			name = Release;
		};
		F9AAF12B18E2D0AB00DBD9FF /* Debug */ = {
			isa = XCBuildConfiguration;
			buildSettings = {
				ASSETCATALOG_COMPILER_APPICON_NAME = AppIcon;
				ASSETCATALOG_COMPILER_LAUNCHIMAGE_NAME = LaunchImage;
				GCC_PRECOMPILE_PREFIX_HEADER = YES;
				GCC_PREFIX_HEADER = "HSPuzzle/HSPuzzle-Prefix.pch";
				INFOPLIST_FILE = "HSPuzzle/HSPuzzle-Info.plist";
				PRODUCT_NAME = "$(TARGET_NAME)";
				WRAPPER_EXTENSION = app;
			};
			name = Debug;
		};
		F9AAF12C18E2D0AB00DBD9FF /* Release */ = {
			isa = XCBuildConfiguration;
			buildSettings = {
				ASSETCATALOG_COMPILER_APPICON_NAME = AppIcon;
				ASSETCATALOG_COMPILER_LAUNCHIMAGE_NAME = LaunchImage;
				GCC_PRECOMPILE_PREFIX_HEADER = YES;
				GCC_PREFIX_HEADER = "HSPuzzle/HSPuzzle-Prefix.pch";
				INFOPLIST_FILE = "HSPuzzle/HSPuzzle-Info.plist";
				PRODUCT_NAME = "$(TARGET_NAME)";
				WRAPPER_EXTENSION = app;
			};
			name = Release;
		};
		F9AAF12E18E2D0AB00DBD9FF /* Debug */ = {
			isa = XCBuildConfiguration;
			buildSettings = {
				BUNDLE_LOADER = "$(BUILT_PRODUCTS_DIR)/HSPuzzle.app/HSPuzzle";
				FRAMEWORK_SEARCH_PATHS = (
					"$(SDKROOT)/Developer/Library/Frameworks",
					"$(inherited)",
					"$(DEVELOPER_FRAMEWORKS_DIR)",
				);
				GCC_PRECOMPILE_PREFIX_HEADER = YES;
				GCC_PREFIX_HEADER = "HSPuzzle/HSPuzzle-Prefix.pch";
				GCC_PREPROCESSOR_DEFINITIONS = (
					"DEBUG=1",
					"$(inherited)",
				);
				INFOPLIST_FILE = "HSPuzzleTests/HSPuzzleTests-Info.plist";
				PRODUCT_NAME = "$(TARGET_NAME)";
				TEST_HOST = "$(BUNDLE_LOADER)";
				WRAPPER_EXTENSION = xctest;
			};
			name = Debug;
		};
		F9AAF12F18E2D0AB00DBD9FF /* Release */ = {
			isa = XCBuildConfiguration;
			buildSettings = {
				BUNDLE_LOADER = "$(BUILT_PRODUCTS_DIR)/HSPuzzle.app/HSPuzzle";
				FRAMEWORK_SEARCH_PATHS = (
					"$(SDKROOT)/Developer/Library/Frameworks",
					"$(inherited)",
					"$(DEVELOPER_FRAMEWORKS_DIR)",
				);
				GCC_PRECOMPILE_PREFIX_HEADER = YES;
				GCC_PREFIX_HEADER = "HSPuzzle/HSPuzzle-Prefix.pch";
				INFOPLIST_FILE = "HSPuzzleTests/HSPuzzleTests-Info.plist";
				PRODUCT_NAME = "$(TARGET_NAME)";
				TEST_HOST = "$(BUNDLE_LOADER)";
				WRAPPER_EXTENSION = xctest;
			};
			name = Release;
		};
/* End XCBuildConfiguration section */

/* Begin XCConfigurationList section */
		F9AAF0F318E2D0AB00DBD9FF /* Build configuration list for PBXProject "HSPuzzle" */ = {
			isa = XCConfigurationList;
			buildConfigurations = (
				F9AAF12818E2D0AB00DBD9FF /* Debug */,
				F9AAF12918E2D0AB00DBD9FF /* Release */,
			);
			defaultConfigurationIsVisible = 0;
			defaultConfigurationName = Release;
		};
		F9AAF12A18E2D0AB00DBD9FF /* Build configuration list for PBXNativeTarget "HSPuzzle" */ = {
			isa = XCConfigurationList;
			buildConfigurations = (
				F9AAF12B18E2D0AB00DBD9FF /* Debug */,
				F9AAF12C18E2D0AB00DBD9FF /* Release */,
			);
			defaultConfigurationIsVisible = 0;
			defaultConfigurationName = Release;
		};
		F9AAF12D18E2D0AB00DBD9FF /* Build configuration list for PBXNativeTarget "HSPuzzleTests" */ = {
			isa = XCConfigurationList;
			buildConfigurations = (
				F9AAF12E18E2D0AB00DBD9FF /* Debug */,
				F9AAF12F18E2D0AB00DBD9FF /* Release */,
			);
			defaultConfigurationIsVisible = 0;
			defaultConfigurationName = Release;
		};
/* End XCConfigurationList section */

/* Begin XCVersionGroup section */
		F9AAF1AE18E4590F00DBD9FF /* HSModel.xcdatamodeld */ = {
			isa = XCVersionGroup;
			children = (
				F9AAF1AF18E4590F00DBD9FF /* HSModel.xcdatamodel */,
			);
			currentVersion = F9AAF1AF18E4590F00DBD9FF /* HSModel.xcdatamodel */;
			path = HSModel.xcdatamodeld;
			sourceTree = "<group>";
			versionGroupType = wrapper.xcdatamodel;
		};
/* End XCVersionGroup section */
	};
	rootObject = F9AAF0F018E2D0AB00DBD9FF /* Project object */;
}
